lockfile_version: '1'
generated_at: '2026-10-08T06:20:42.465259+00:00'
apm_version: 0.32.0
dependencies:
- repo_url: netcracker/qubership-ai-agent-telemetry
  materialization_repo_url: Netcracker/qubership-ai-agent-telemetry
  name: ai-agent-telemetry
  host: github.com
  resolved_commit: c6503f44ccb4e080121f42212f587624f4ca1c9d
  version: 1.1.0
  virtual_path: agent-packages/ai-agent-telemetry
  is_virtual: true
  package_type: apm_package
  content_hash: sha256:bd3a176f3c46d9c320879b3eb5742afb553842ad97c15002609255607fdfb89b
- repo_url: netcracker/qubership-ai-packages
  materialization_repo_url: Netcracker/qubership-ai-packages
  name: apm-authoring
  host: github.com
  resolved_commit: 21f5d9335be0d98d747990f04208fa00022e31a0
  version: 1.1.0
  virtual_path: agent-packages/apm-authoring
  is_virtual: true
  package_type: apm_package
  deployed_files:
  - .agents/skills/apm-authoring
  - .agents/skills/apm-authoring/SKILL.md
  - .claude/rules/apm-authoring.md
  - .claude/skills/apm-authoring
  - .claude/skills/apm-authoring/SKILL.md
  - .cursor/rules/apm-authoring.mdc
  deployed_file_hashes:
    .agents/skills/apm-authoring/SKILL.md: sha256:b4dd9fa65061fcda3bef603ca980c28b0469db41627a3164395d23240b950380
    .claude/rules/apm-authoring.md: sha256:5c4185d3d69333a810c01f5e26a8ea46b033e7082a21f1551433d6c97d8a24a2
    .claude/skills/apm-authoring/SKILL.md: sha256:b4dd9fa65061fcda3bef603ca980c28b0469db41627a3164395d23240b950380
    .cursor/rules/apm-authoring.mdc: sha256:b63b337e0af85886c49d961ba2063115a8a12c62d74c660e512f9b06c515a048
  content_hash: sha256:c4931d5235c1b2632d537cf9b0f843ee3fb9dc7d84d8de113160b72ffbce4ed8
  is_dev: true
- repo_url: netcracker/qubership-ai-packages
  materialization_repo_url: Netcracker/qubership-ai-packages
  name: codex-review
  host: github.com
  resolved_commit: 21f5d9335be0d98d747990f04208fa00022e31a0
  version: 1.0.0
  virtual_path: agent-packages/codex-review
  is_virtual: true
  package_type: apm_package
  deployed_files:
  - .agents/skills/codex-review
  - .agents/skills/codex-review/SKILL.md
  - .claude/skills/codex-review
  - .claude/skills/codex-review/SKILL.md
  deployed_file_hashes:
    .agents/skills/codex-review/SKILL.md: sha256:2119ddab29ecb75cc470068fc7464419e386f57127e1cdf3bb5e9bbb48609960
    .claude/skills/codex-review/SKILL.md: sha256:2119ddab29ecb75cc470068fc7464419e386f57127e1cdf3bb5e9bbb48609960
  content_hash: sha256:2e2ea3193e6bb5e8647f60a6d7777b98a2722ef9146f023d6fda0764bd79d7e5
- repo_url: netcracker/qubership-ai-packages
  materialization_repo_url: Netcracker/qubership-ai-packages
  name: english-developer-style
  host: github.com
  resolved_commit: 21f5d9335be0d98d747990f04208fa00022e31a0
  version: 2.1.0
  virtual_path: agent-packages/english-developer-style
  is_virtual: true
  package_type: apm_package
  content_hash: sha256:2fe3574b0d6804c3b67c926c1b88783d2192966981f6b15c23b38331f51ab028
- repo_url: netcracker/qubership-ai-packages
  materialization_repo_url: Netcracker/qubership-ai-packages
  name: english-us-developer-style
  host: github.com
  resolved_commit: 21f5d9335be0d98d747990f04208fa00022e31a0
  version: 2.1.0
  virtual_path: agent-packages/english-us-developer-style
  is_virtual: true
  depth: 2
  resolved_by: Netcracker/qubership-ai-packages
  package_type: apm_package
  deployed_files:
  - .agents/skills/english-developer-style
  - .agents/skills/english-developer-style/SKILL.md
  - .claude/rules/english-developer-style.md
  - .claude/skills/english-developer-style
  - .claude/skills/english-developer-style/SKILL.md
  - .cursor/rules/english-developer-style.mdc
  deployed_file_hashes:
    .agents/skills/english-developer-style/SKILL.md: sha256:9fa75b769c101eb4f90927c80414e96c41ba6db1b10937dc612ebffaba8043fc
    .claude/rules/english-developer-style.md: sha256:2da9f6889756beb319a6395f3f363826d144b9b48c97d742cfd1a89ce0017d58
    .claude/skills/english-developer-style/SKILL.md: sha256:9fa75b769c101eb4f90927c80414e96c41ba6db1b10937dc612ebffaba8043fc
    .cursor/rules/english-developer-style.mdc: sha256:0b86cf5f91d3b62ee1be2d806a988e9e6e8835006615c450d98b757319bf8f7d
  content_hash: sha256:f97efa2a8e0d5c1bd68ddf9f12a3dcf96d2b9b952d5e4aa968f0bc7c71767034
deployments:
- kind: project-relative
  target: claude
  value: .claude/agents/maven-verifier.md
  runtime: null
  scope: project
  owners:
  - .
  active_owner: .
  content_hash: sha256:f44b15744dbb0e77f326391bc0ecad91eed094146bad5993ebdf50944e4df71e
- kind: project-relative
  target: claude
  value: .claude/agents/npm-verifier.md
  runtime: null
  scope: project
  owners:
  - .
  active_owner: .
  content_hash: sha256:7e38e0a49cf43125b37569c0cf7cb8751588c0e14323320dd4cdf90ddf0a41ce
- kind: project-relative
  target: claude
  value: .claude/rules/apm-authoring.md
  runtime: null
  scope: project
  owners:
  - netcracker/qubership-ai-packages/agent-packages/apm-authoring
  active_owner: netcracker/qubership-ai-packages/agent-packages/apm-authoring
  content_hash: sha256:5c4185d3d69333a810c01f5e26a8ea46b033e7082a21f1551433d6c97d8a24a2
- kind: project-relative
  target: claude
  value: .claude/rules/ci-fix.md
  runtime: null
  scope: project
  owners:
  - .
  active_owner: .
  content_hash: sha256:4de31150e369c45093fbfe099209e95118d30f19e3a8c23fd91d0b1cd332f559
- kind: project-relative
  target: claude
  value: .claude/rules/docs-authoring.md
  runtime: null
  scope: project
  owners:
  - .
  active_owner: .
  content_hash: sha256:fb65f291a143c58e0b76a52a24d792a6f7a54c35813548e5d378341df89be806
- kind: project-relative
  target: claude
  value: .claude/rules/e2e.md
  runtime: null
  scope: project
  owners:
  - .
  active_owner: .
  content_hash: sha256:00f8caeff5bbad6b4f0ac7cc6d69e43c3d1b460484503f0adda400688ff25227
- kind: project-relative
  target: claude
  value: .claude/rules/engine.md
  runtime: null
  scope: project
  owners:
  - .
  active_owner: .
  content_hash: sha256:cbfa9096d6c97043ebbef90b567bb92f081cf11779eb826a2ca74bdd35de1cbc
- kind: project-relative
  target: claude
  value: .claude/rules/english-developer-style.md
  runtime: null
  scope: project
  owners:
  - netcracker/qubership-ai-packages/agent-packages/english-us-developer-style
  active_owner: netcracker/qubership-ai-packages/agent-packages/english-us-developer-style
  content_hash: sha256:2da9f6889756beb319a6395f3f363826d144b9b48c97d742cfd1a89ce0017d58
- kind: project-relative
  target: claude
  value: .claude/rules/go-module.md
  runtime: null
  scope: project
  owners:
  - .
  active_owner: .
  content_hash: sha256:4823920c4373e02f4d370fbd6b483e094df46480b80b59653f321636fe14d92a
- kind: project-relative
  target: claude
  value: .claude/rules/infrastructure.md
  runtime: null
  scope: project
  owners:
  - .
  active_owner: .
  content_hash: sha256:daac09c825081c41d9f83af43602bba2224d338398cfd2fa2a74ffa34d68a7e9
- kind: project-relative
  target: claude
  value: .claude/rules/micro-engine.md
  runtime: null
  scope: project
  owners:
  - .
  active_owner: .
  content_hash: sha256:c13d341654c13d5dba4c9a2e9d78128a5aa6e4bd414ed1bcc25e34e1e0f97957
- kind: project-relative
  target: claude
  value: .claude/rules/monorepo.md
  runtime: null
  scope: project
  owners:
  - .
  active_owner: .
  content_hash: sha256:637a5dace70830ab398ddf17b1f5d48732fc7642985a82da024816c86ad9ded4
- kind: project-relative
  target: claude
  value: .claude/rules/qip-working-agreements.md
  runtime: null
  scope: project
  owners:
  - .
  active_owner: .
  content_hash: sha256:72257161852f5f17451a59e3f6c816f49cdbdf8da37b39b3b82840e2fd30b799
- kind: project-relative
  target: claude
  value: .claude/rules/runtime-catalog.md
  runtime: null
  scope: project
  owners:
  - .
  active_owner: .
  content_hash: sha256:576ea1f9123f6ddfd78a6d97728594b68d795e04c7a3457a09eac4ee62db362a
- kind: project-relative
  target: claude
  value: .claude/rules/schemas.md
  runtime: null
  scope: project
  owners:
  - .
  active_owner: .
  content_hash: sha256:840097735d1b806108391f21948dbb663cf5049279ad803f8c30045c07bdad01
- kind: project-relative
  target: claude
  value: .claude/rules/sessions-management.md
  runtime: null
  scope: project
  owners:
  - .
  active_owner: .
  content_hash: sha256:19fdfdc27c5301233ae25983b21976246d2298f523e191ac0559bb9cb8e59f8f
- kind: project-relative
  target: claude
  value: .claude/rules/sonar-triage.md
  runtime: null
  scope: project
  owners:
  - .
  active_owner: .
  content_hash: sha256:44a6efa4c0b06ee30ea7edf176a1c42767bc4045b0be002a021b117f1f7d03a2
- kind: project-relative
  target: claude
  value: .claude/rules/ui-api-and-utilities.md
  runtime: null
  scope: project
  owners:
  - .
  active_owner: .
  content_hash: sha256:71aa40132c92c5861e02877fac639503defe750689e9b5019420180c9dda9a94
- kind: project-relative
  target: claude
  value: .claude/rules/ui-component-patterns.md
  runtime: null
  scope: project
  owners:
  - .
  active_owner: .
  content_hash: sha256:6ea0cf80626c5e7a78b5d8e36ee5817cfdc8266afcf32b76c85e69d6702ffe1a
- kind: project-relative
  target: claude
  value: .claude/rules/ui-core-development.md
  runtime: null
  scope: project
  owners:
  - .
  active_owner: .
  content_hash: sha256:c42c9e14a47aa880f644e2bcdb76e08c284cb4e2b336143fb364393d3640d9c3
- kind: project-relative
  target: claude
  value: .claude/rules/ui-theme-and-vscode-webview.md
  runtime: null
  scope: project
  owners:
  - .
  active_owner: .
  content_hash: sha256:b9c3fb0eb8853ff8fc98a27ac8ccbdb9f6755fd235addba7d44a5855b5b43a17
- kind: project-relative
  target: claude
  value: .claude/rules/vscode-extension.md
  runtime: null
  scope: project
  owners:
  - .
  active_owner: .
  content_hash: sha256:47b818792a7c0e9c6debe5bd59393a989c3cc99343ea3613b54842ca102ab5e6
- kind: project-relative
  target: claude
  value: .claude/skills/apm-authoring
  runtime: null
  scope: project
  owners:
  - netcracker/qubership-ai-packages/agent-packages/apm-authoring
  active_owner: netcracker/qubership-ai-packages/agent-packages/apm-authoring
  content_hash: null
- kind: project-relative
  target: claude
  value: .claude/skills/apm-authoring/SKILL.md
  runtime: null
  scope: project
  owners:
  - netcracker/qubership-ai-packages/agent-packages/apm-authoring
  active_owner: netcracker/qubership-ai-packages/agent-packages/apm-authoring
  content_hash: sha256:b4dd9fa65061fcda3bef603ca980c28b0469db41627a3164395d23240b950380
- kind: project-relative
  target: claude
  value: .claude/skills/ci-fix
  runtime: null
  scope: project
  owners:
  - .
  active_owner: .
  content_hash: null
- kind: project-relative
  target: claude
  value: .claude/skills/ci-fix/SKILL.md
  runtime: null
  scope: project
  owners:
  - .
  active_owner: .
  content_hash: sha256:ea79a8e0f51183ce3329312a3cd0c94e09c4fb0b2996054eac4ce4840b9c856a
- kind: project-relative
  target: claude
  value: .claude/skills/codex-review
  runtime: null
  scope: project
  owners:
  - netcracker/qubership-ai-packages/agent-packages/codex-review
  active_owner: netcracker/qubership-ai-packages/agent-packages/codex-review
  content_hash: null
- kind: project-relative
  target: claude
  value: .claude/skills/codex-review/SKILL.md
  runtime: null
  scope: project
  owners:
  - netcracker/qubership-ai-packages/agent-packages/codex-review
  active_owner: netcracker/qubership-ai-packages/agent-packages/codex-review
  content_hash: sha256:2119ddab29ecb75cc470068fc7464419e386f57127e1cdf3bb5e9bbb48609960
- kind: project-relative
  target: claude
  value: .claude/skills/docs-authoring
  runtime: null
  scope: project
  owners:
  - .
  active_owner: .
  content_hash: null
- kind: project-relative
  target: claude
  value: .claude/skills/docs-authoring/SKILL.md
  runtime: null
  scope: project
  owners:
  - .
  active_owner: .
  content_hash: sha256:1ad8f4e2efe177403af5cf5978c327cd57b39bee266620dec3395af182f15f6f
- kind: project-relative
  target: claude
  value: .claude/skills/english-developer-style
  runtime: null
  scope: project
  owners:
  - netcracker/qubership-ai-packages/agent-packages/english-us-developer-style
  active_owner: netcracker/qubership-ai-packages/agent-packages/english-us-developer-style
  content_hash: null
- kind: project-relative
  target: claude
  value: .claude/skills/english-developer-style/SKILL.md
  runtime: null
  scope: project
  owners:
  - netcracker/qubership-ai-packages/agent-packages/english-us-developer-style
  active_owner: netcracker/qubership-ai-packages/agent-packages/english-us-developer-style
  content_hash: sha256:9fa75b769c101eb4f90927c80414e96c41ba6db1b10937dc612ebffaba8043fc
- kind: project-relative
  target: claude
  value: .claude/skills/fix-issue
  runtime: null
  scope: project
  owners:
  - .
  active_owner: .
  content_hash: null
- kind: project-relative
  target: claude
  value: .claude/skills/fix-issue/SKILL.md
  runtime: null
  scope: project
  owners:
  - .
  active_owner: .
  content_hash: sha256:4a996a2d976f274b4f91e40ae417a8533ee481c2e4589232fdd63a02a93f18e7
- kind: project-relative
  target: claude
  value: .claude/skills/fix-issue/delivery.md
  runtime: null
  scope: project
  owners:
  - .
  active_owner: .
  content_hash: sha256:baa25d8d86344771e0c11d37bf8b62308e7b50238d1c3ec6f55db3e4d338229e
- kind: project-relative
  target: claude
  value: .claude/skills/fix-issue/stack.md
  runtime: null
  scope: project
  owners:
  - .
  active_owner: .
  content_hash: sha256:12c40759ac39206df4ab27ff29f15766eeb8596a9bacaf3b82a3555c4372b2fc
- kind: project-relative
  target: claude
  value: .claude/skills/fix-issue/verification.md
  runtime: null
  scope: project
  owners:
  - .
  active_owner: .
  content_hash: sha256:f66ab17b35df21a5dc3d2c2da4f20002977c700e8bf97a39d72a56cd65cfab75
- kind: project-relative
  target: claude
  value: .claude/skills/release-process
  runtime: null
  scope: project
  owners:
  - .
  active_owner: .
  content_hash: null
- kind: project-relative
  target: claude
  value: .claude/skills/release-process/SKILL.md
  runtime: null
  scope: project
  owners:
  - .
  active_owner: .
  content_hash: sha256:73f75b303b02d738a56efa0c48a307b26d95c208b14cc160c9d63acefd4cd425
- kind: project-relative
  target: claude
  value: .claude/skills/runtime-catalog-api-testing
  runtime: null
  scope: project
  owners:
  - .
  active_owner: .
  content_hash: null
- kind: project-relative
  target: claude
  value: .claude/skills/runtime-catalog-api-testing/SKILL.md
  runtime: null
  scope: project
  owners:
  - .
  active_owner: .
  content_hash: sha256:c189d6988f94ed57294e569266b5d3fd500c22e7dd4867268380f302c54d120a
- kind: project-relative
  target: claude
  value: .claude/skills/sonar-triage
  runtime: null
  scope: project
  owners:
  - .
  active_owner: .
  content_hash: null
- kind: project-relative
  target: claude
  value: .claude/skills/sonar-triage/SKILL.md
  runtime: null
  scope: project
  owners:
  - .
  active_owner: .
  content_hash: sha256:35f144fe5a8bc0f5407e922cb8b37c8a3f16d196bba7ba504f9f10cd4da18a31
- kind: project-relative
  target: claude
  value: .claude/skills/ui-api-and-utilities
  runtime: null
  scope: project
  owners:
  - .
  active_owner: .
  content_hash: null
- kind: project-relative
  target: claude
  value: .claude/skills/ui-api-and-utilities/SKILL.md
  runtime: null
  scope: project
  owners:
  - .
  active_owner: .
  content_hash: sha256:83df8708d1821771414996df4ca1f45b138baa7a49415954ffeffb7d40c8b160
- kind: project-relative
  target: claude
  value: .claude/skills/ui-component-patterns
  runtime: null
  scope: project
  owners:
  - .
  active_owner: .
  content_hash: null
- kind: project-relative
  target: claude
  value: .claude/skills/ui-component-patterns/SKILL.md
  runtime: null
  scope: project
  owners:
  - .
  active_owner: .
  content_hash: sha256:0f6140b7f00b3f887a1f9d5831a2c9a32cf31d0620e516d41383d43a5a373f9b
- kind: project-relative
  target: claude
  value: .claude/skills/ui-core-development
  runtime: null
  scope: project
  owners:
  - .
  active_owner: .
  content_hash: null
- kind: project-relative
  target: claude
  value: .claude/skills/ui-core-development/SKILL.md
  runtime: null
  scope: project
  owners:
  - .
  active_owner: .
  content_hash: sha256:ac3f721089c1b2281570f709ac5106f092d7d31591638daf2ac901b196457ebc
- kind: project-relative
  target: claude
  value: .claude/skills/ui-theme-and-vscode-webview
  runtime: null
  scope: project
  owners:
  - .
  active_owner: .
  content_hash: null
- kind: project-relative
  target: claude
  value: .claude/skills/ui-theme-and-vscode-webview/SKILL.md
  runtime: null
  scope: project
  owners:
  - .
  active_owner: .
  content_hash: sha256:5bb5058c17ed309913cba9d984f076d4448a72f7ebf9ed2419d94699600745a9
- kind: project-relative
  target: claude
  value: .claude/skills/update-docs
  runtime: null
  scope: project
  owners:
  - .
  active_owner: .
  content_hash: null
- kind: project-relative
  target: claude
  value: .claude/skills/update-docs/SKILL.md
  runtime: null
  scope: project
  owners:
  - .
  active_owner: .
  content_hash: sha256:d90e58bd0e9cde0b5b51cd0313ed56ce34393fa5f447c44155ec5924742bae3b
- kind: project-relative
  target: codex
  value: .agents/skills/apm-authoring
  runtime: null
  scope: project
  owners:
  - netcracker/qubership-ai-packages/agent-packages/apm-authoring
  active_owner: netcracker/qubership-ai-packages/agent-packages/apm-authoring
  content_hash: null
- kind: project-relative
  target: codex
  value: .agents/skills/apm-authoring/SKILL.md
  runtime: null
  scope: project
  owners:
  - netcracker/qubership-ai-packages/agent-packages/apm-authoring
  active_owner: netcracker/qubership-ai-packages/agent-packages/apm-authoring
  content_hash: sha256:b4dd9fa65061fcda3bef603ca980c28b0469db41627a3164395d23240b950380
- kind: project-relative
  target: codex
  value: .agents/skills/codex-review
  runtime: null
  scope: project
  owners:
  - netcracker/qubership-ai-packages/agent-packages/codex-review
  active_owner: netcracker/qubership-ai-packages/agent-packages/codex-review
  content_hash: null
- kind: project-relative
  target: codex
  value: .agents/skills/codex-review/SKILL.md
  runtime: null
  scope: project
  owners:
  - netcracker/qubership-ai-packages/agent-packages/codex-review
  active_owner: netcracker/qubership-ai-packages/agent-packages/codex-review
  content_hash: sha256:2119ddab29ecb75cc470068fc7464419e386f57127e1cdf3bb5e9bbb48609960
- kind: project-relative
  target: codex
  value: .agents/skills/english-developer-style
  runtime: null
  scope: project
  owners:
  - netcracker/qubership-ai-packages/agent-packages/english-us-developer-style
  active_owner: netcracker/qubership-ai-packages/agent-packages/english-us-developer-style
  content_hash: null
- kind: project-relative
  target: codex
  value: .agents/skills/english-developer-style/SKILL.md
  runtime: null
  scope: project
  owners:
  - netcracker/qubership-ai-packages/agent-packages/english-us-developer-style
  active_owner: netcracker/qubership-ai-packages/agent-packages/english-us-developer-style
  content_hash: sha256:9fa75b769c101eb4f90927c80414e96c41ba6db1b10937dc612ebffaba8043fc
- kind: project-relative
  target: codex
  value: .codex/agents/maven-verifier.toml
  runtime: null
  scope: project
  owners:
  - .
  active_owner: .
  content_hash: sha256:dc67075b7c28d42a6968c8e12e3da9c42d15c32acd5f035d53a009a660990765
- kind: project-relative
  target: codex
  value: .codex/agents/npm-verifier.toml
  runtime: null
  scope: project
  owners:
  - .
  active_owner: .
  content_hash: sha256:41262bc89c3d7886f181844cdebb7afef872159ce4edb005bbb911406f54c583
- kind: project-relative
  target: cursor
  value: .cursor/agents/maven-verifier.md
  runtime: null
  scope: project
  owners:
  - .
  active_owner: .
  content_hash: sha256:f44b15744dbb0e77f326391bc0ecad91eed094146bad5993ebdf50944e4df71e
- kind: project-relative
  target: cursor
  value: .cursor/agents/npm-verifier.md
  runtime: null
  scope: project
  owners:
  - .
  active_owner: .
  content_hash: sha256:7e38e0a49cf43125b37569c0cf7cb8751588c0e14323320dd4cdf90ddf0a41ce
- kind: project-relative
  target: cursor
  value: .cursor/rules/apm-authoring.mdc
  runtime: null
  scope: project
  owners:
  - netcracker/qubership-ai-packages/agent-packages/apm-authoring
  active_owner: netcracker/qubership-ai-packages/agent-packages/apm-authoring
  content_hash: sha256:b63b337e0af85886c49d961ba2063115a8a12c62d74c660e512f9b06c515a048
- kind: project-relative
  target: cursor
  value: .cursor/rules/ci-fix.mdc
  runtime: null
  scope: project
  owners:
  - .
  active_owner: .
  content_hash: sha256:3407eae3d299bbac9cb20f14b41a3a87a75406d5a947843ad6a3cb7e49b49c98
- kind: project-relative
  target: cursor
  value: .cursor/rules/docs-authoring.mdc
  runtime: null
  scope: project
  owners:
  - .
  active_owner: .
  content_hash: sha256:5896f61123e24afdab8e95f0b2ec503a929c8a14839f8044d732bee46037dd7d
- kind: project-relative
  target: cursor
  value: .cursor/rules/e2e.mdc
  runtime: null
  scope: project
  owners:
  - .
  active_owner: .
  content_hash: sha256:e2384dfd51cc08c7ebea479df0621dd6e9d55aa32948202ce9801d7e400ec63b
- kind: project-relative
  target: cursor
  value: .cursor/rules/engine.mdc
  runtime: null
  scope: project
  owners:
  - .
  active_owner: .
  content_hash: sha256:d258bb38382c6841db60f6174bd72055cb0b8617ec226b16c287c68ed6547e28
- kind: project-relative
  target: cursor
  value: .cursor/rules/english-developer-style.mdc
  runtime: null
  scope: project
  owners:
  - netcracker/qubership-ai-packages/agent-packages/english-us-developer-style
  active_owner: netcracker/qubership-ai-packages/agent-packages/english-us-developer-style
  content_hash: sha256:0b86cf5f91d3b62ee1be2d806a988e9e6e8835006615c450d98b757319bf8f7d
- kind: project-relative
  target: cursor
  value: .cursor/rules/go-module.mdc
  runtime: null
  scope: project
  owners:
  - .
  active_owner: .
  content_hash: sha256:8e9b8e81bd0cef962f9d8d3f9ba7abf1905867cc6102e71d0395278a12693084
- kind: project-relative
  target: cursor
  value: .cursor/rules/infrastructure.mdc
  runtime: null
  scope: project
  owners:
  - .
  active_owner: .
  content_hash: sha256:78ab718cc566053a3d2cb24cd4a01f4fe80521613fc73432db878e83654fd707
- kind: project-relative
  target: cursor
  value: .cursor/rules/micro-engine.mdc
  runtime: null
  scope: project
  owners:
  - .
  active_owner: .
  content_hash: sha256:110d55b3c6c01372ab974ccd8576073f3e11d2ba8007534ac67c1a9167694f21
- kind: project-relative
  target: cursor
  value: .cursor/rules/monorepo.mdc
  runtime: null
  scope: project
  owners:
  - .
  active_owner: .
  content_hash: sha256:beaf45bea182ddfe6b28dab88bdc2cbafa7dc77334ce8ddce1a50b4550166cde
- kind: project-relative
  target: cursor
  value: .cursor/rules/qip-working-agreements.mdc
  runtime: null
  scope: project
  owners:
  - .
  active_owner: .
  content_hash: sha256:1d803f8610cecc024814db799f2b0536972040823a2c0e2543d31c75557f1aec
- kind: project-relative
  target: cursor
  value: .cursor/rules/runtime-catalog.mdc
  runtime: null
  scope: project
  owners:
  - .
  active_owner: .
  content_hash: sha256:ce26074e295e660122b887fa52ea503cfdd02a17818b3ee0c43833ab33c64256
- kind: project-relative
  target: cursor
  value: .cursor/rules/schemas.mdc
  runtime: null
  scope: project
  owners:
  - .
  active_owner: .
  content_hash: sha256:c0ece583f568e40587865df4f38a3cf3b9c41e4d81d7b138a9ddf655e53173af
- kind: project-relative
  target: cursor
  value: .cursor/rules/sessions-management.mdc
  runtime: null
  scope: project
  owners:
  - .
  active_owner: .
  content_hash: sha256:c7be04ffc8ba4d6b72b01fe505133891badf63cbdc10a9a0681d64969ca1d6a6
- kind: project-relative
  target: cursor
  value: .cursor/rules/sonar-triage.mdc
  runtime: null
  scope: project
  owners:
  - .
  active_owner: .
  content_hash: sha256:61b00c40bb761790aa4afbefc8a6b562b477a134d1d2e7a29c9d108222f6d88a
- kind: project-relative
  target: cursor
  value: .cursor/rules/ui-api-and-utilities.mdc
  runtime: null
  scope: project
  owners:
  - .
  active_owner: .
  content_hash: sha256:ec6aeb84f982b74a350433f3563eb8ff07a753651bbacfef7c1847c21f590220
- kind: project-relative
  target: cursor
  value: .cursor/rules/ui-component-patterns.mdc
  runtime: null
  scope: project
  owners:
  - .
  active_owner: .
  content_hash: sha256:53c570a4a8dca369d8a250c7d18ead83f845685d16bba32a042dbb5b4b0e61ef
- kind: project-relative
  target: cursor
  value: .cursor/rules/ui-core-development.mdc
  runtime: null
  scope: project
  owners:
  - .
  active_owner: .
  content_hash: sha256:6232692ddcda622d6cdeea12c9e4c3afec6eaf75e0235347e0a9b3dad7b3952d
- kind: project-relative
  target: cursor
  value: .cursor/rules/ui-theme-and-vscode-webview.mdc
  runtime: null
  scope: project
  owners:
  - .
  active_owner: .
  content_hash: sha256:e8c44c2ac98376f01905c6f2f8bf55b9bcc455cd560cd46036201cd124b7fdca
- kind: project-relative
  target: cursor
  value: .cursor/rules/vscode-extension.mdc
  runtime: null
  scope: project
  owners:
  - .
  active_owner: .
  content_hash: sha256:17a9914d3d3c07bdd81a7878a3f813347a01c3a7e97e42a041d806afa8f6e311
- kind: project-relative
  target: legacy
  value: .agents/skills/ci-fix
  runtime: null
  scope: project
  owners:
  - .
  active_owner: .
  content_hash: null
- kind: project-relative
  target: legacy
  value: .agents/skills/ci-fix/SKILL.md
  runtime: null
  scope: project
  owners:
  - .
  active_owner: .
  content_hash: sha256:ea79a8e0f51183ce3329312a3cd0c94e09c4fb0b2996054eac4ce4840b9c856a
- kind: project-relative
  target: legacy
  value: .agents/skills/docs-authoring
  runtime: null
  scope: project
  owners:
  - .
  active_owner: .
  content_hash: null
- kind: project-relative
  target: legacy
  value: .agents/skills/docs-authoring/SKILL.md
  runtime: null
  scope: project
  owners:
  - .
  active_owner: .
  content_hash: sha256:1ad8f4e2efe177403af5cf5978c327cd57b39bee266620dec3395af182f15f6f
- kind: project-relative
  target: legacy
  value: .agents/skills/fix-issue
  runtime: null
  scope: project
  owners:
  - .
  active_owner: .
  content_hash: null
- kind: project-relative
  target: legacy
  value: .agents/skills/fix-issue/SKILL.md
  runtime: null
  scope: project
  owners:
  - .
  active_owner: .
  content_hash: sha256:4a996a2d976f274b4f91e40ae417a8533ee481c2e4589232fdd63a02a93f18e7
- kind: project-relative
  target: legacy
  value: .agents/skills/fix-issue/delivery.md
  runtime: null
  scope: project
  owners:
  - .
  active_owner: .
  content_hash: sha256:baa25d8d86344771e0c11d37bf8b62308e7b50238d1c3ec6f55db3e4d338229e
- kind: project-relative
  target: legacy
  value: .agents/skills/fix-issue/stack.md
  runtime: null
  scope: project
  owners:
  - .
  active_owner: .
  content_hash: sha256:12c40759ac39206df4ab27ff29f15766eeb8596a9bacaf3b82a3555c4372b2fc
- kind: project-relative
  target: legacy
  value: .agents/skills/fix-issue/verification.md
  runtime: null
  scope: project
  owners:
  - .
  active_owner: .
  content_hash: sha256:f66ab17b35df21a5dc3d2c2da4f20002977c700e8bf97a39d72a56cd65cfab75
- kind: project-relative
  target: legacy
  value: .agents/skills/release-process
  runtime: null
  scope: project
  owners:
  - .
  active_owner: .
  content_hash: null
- kind: project-relative
  target: legacy
  value: .agents/skills/release-process/SKILL.md
  runtime: null
  scope: project
  owners:
  - .
  active_owner: .
  content_hash: sha256:73f75b303b02d738a56efa0c48a307b26d95c208b14cc160c9d63acefd4cd425
- kind: project-relative
  target: legacy
  value: .agents/skills/runtime-catalog-api-testing
  runtime: null
  scope: project
  owners:
  - .
  active_owner: .
  content_hash: null
- kind: project-relative
  target: legacy
  value: .agents/skills/runtime-catalog-api-testing/SKILL.md
  runtime: null
  scope: project
  owners:
  - .
  active_owner: .
  content_hash: sha256:c189d6988f94ed57294e569266b5d3fd500c22e7dd4867268380f302c54d120a
- kind: project-relative
  target: legacy
  value: .agents/skills/runtime-catalog-api-testing/scripts/__pycache__/fixtures.cpython-312.pyc
  runtime: null
  scope: project
  owners:
  - .
  active_owner: .
  content_hash: sha256:2d6d8547fdc27057b93a70d6a3ef04da3163e9b4b08e0610676fa682e96f3831
- kind: project-relative
  target: legacy
  value: .agents/skills/runtime-catalog-api-testing/scripts/__pycache__/rc_e2e.cpython-312.pyc
  runtime: null
  scope: project
  owners:
  - .
  active_owner: .
  content_hash: sha256:8ae36ab6e18a03cc2b041e7fd6e81a73e93d7bfc0d0cc1f75bdd64c81be188d0
- kind: project-relative
  target: legacy
  value: .agents/skills/runtime-catalog-api-testing/scripts/example.py
  runtime: null
  scope: project
  owners:
  - .
  active_owner: .
  content_hash: sha256:2cf55572310f806f5cc3b6e0a44028d16bb4763a9460f47f9d3c7c5ee9575c25
- kind: project-relative
  target: legacy
  value: .agents/skills/runtime-catalog-api-testing/scripts/example_deploy_vars.py
  runtime: null
  scope: project
  owners:
  - .
  active_owner: .
  content_hash: sha256:57eeb0e50140765689feedd14f8d1ad0f60fdaac596f59c9549fa1651b8383d6
- kind: project-relative
  target: legacy
  value: .agents/skills/runtime-catalog-api-testing/scripts/rc_e2e.py
  runtime: null
  scope: project
  owners:
  - .
  active_owner: .
  content_hash: sha256:9d3d264ffe343aff6c196c70ecf1897b3dc3c039e0ddedb57d2636d14f0ac291
- kind: project-relative
  target: legacy
  value: .agents/skills/sonar-triage
  runtime: null
  scope: project
  owners:
  - .
  active_owner: .
  content_hash: null
- kind: project-relative
  target: legacy
  value: .agents/skills/sonar-triage/SKILL.md
  runtime: null
  scope: project
  owners:
  - .
  active_owner: .
  content_hash: sha256:35f144fe5a8bc0f5407e922cb8b37c8a3f16d196bba7ba504f9f10cd4da18a31
- kind: project-relative
  target: legacy
  value: .agents/skills/ui-api-and-utilities
  runtime: null
  scope: project
  owners:
  - .
  active_owner: .
  content_hash: null
- kind: project-relative
  target: legacy
  value: .agents/skills/ui-api-and-utilities/SKILL.md
  runtime: null
  scope: project
  owners:
  - .
  active_owner: .
  content_hash: sha256:83df8708d1821771414996df4ca1f45b138baa7a49415954ffeffb7d40c8b160
- kind: project-relative
  target: legacy
  value: .agents/skills/ui-component-patterns
  runtime: null
  scope: project
  owners:
  - .
  active_owner: .
  content_hash: null
- kind: project-relative
  target: legacy
  value: .agents/skills/ui-component-patterns/SKILL.md
  runtime: null
  scope: project
  owners:
  - .
  active_owner: .
  content_hash: sha256:0f6140b7f00b3f887a1f9d5831a2c9a32cf31d0620e516d41383d43a5a373f9b
- kind: project-relative
  target: legacy
  value: .agents/skills/ui-core-development
  runtime: null
  scope: project
  owners:
  - .
  active_owner: .
  content_hash: null
- kind: project-relative
  target: legacy
  value: .agents/skills/ui-core-development/SKILL.md
  runtime: null
  scope: project
  owners:
  - .
  active_owner: .
  content_hash: sha256:ac3f721089c1b2281570f709ac5106f092d7d31591638daf2ac901b196457ebc
- kind: project-relative
  target: legacy
  value: .agents/skills/ui-theme-and-vscode-webview
  runtime: null
  scope: project
  owners:
  - .
  active_owner: .
  content_hash: null
- kind: project-relative
  target: legacy
  value: .agents/skills/ui-theme-and-vscode-webview/SKILL.md
  runtime: null
  scope: project
  owners:
  - .
  active_owner: .
  content_hash: sha256:5bb5058c17ed309913cba9d984f076d4448a72f7ebf9ed2419d94699600745a9
- kind: project-relative
  target: legacy
  value: .agents/skills/update-docs
  runtime: null
  scope: project
  owners:
  - .
  active_owner: .
  content_hash: null
- kind: project-relative
  target: legacy
  value: .agents/skills/update-docs/SKILL.md
  runtime: null
  scope: project
  owners:
  - .
  active_owner: .
  content_hash: sha256:d90e58bd0e9cde0b5b51cd0313ed56ce34393fa5f447c44155ec5924742bae3b
local_deployed_files:
- .agents/skills/ci-fix
- .agents/skills/ci-fix/SKILL.md
- .agents/skills/docs-authoring
- .agents/skills/docs-authoring/SKILL.md
- .agents/skills/fix-issue
- .agents/skills/fix-issue/SKILL.md
- .agents/skills/fix-issue/delivery.md
- .agents/skills/fix-issue/stack.md
- .agents/skills/fix-issue/verification.md
- .agents/skills/release-process
- .agents/skills/release-process/SKILL.md
- .agents/skills/runtime-catalog-api-testing
- .agents/skills/runtime-catalog-api-testing/SKILL.md
- .agents/skills/runtime-catalog-api-testing/scripts/__pycache__/fixtures.cpython-312.pyc
- .agents/skills/runtime-catalog-api-testing/scripts/__pycache__/rc_e2e.cpython-312.pyc
- .agents/skills/runtime-catalog-api-testing/scripts/example.py
- .agents/skills/runtime-catalog-api-testing/scripts/example_deploy_vars.py
- .agents/skills/runtime-catalog-api-testing/scripts/rc_e2e.py
- .agents/skills/sonar-triage
- .agents/skills/sonar-triage/SKILL.md
- .agents/skills/ui-api-and-utilities
- .agents/skills/ui-api-and-utilities/SKILL.md
- .agents/skills/ui-component-patterns
- .agents/skills/ui-component-patterns/SKILL.md
- .agents/skills/ui-core-development
- .agents/skills/ui-core-development/SKILL.md
- .agents/skills/ui-theme-and-vscode-webview
- .agents/skills/ui-theme-and-vscode-webview/SKILL.md
- .agents/skills/update-docs
- .agents/skills/update-docs/SKILL.md
- .claude/agents/maven-verifier.md
- .claude/agents/npm-verifier.md
- .claude/rules/ci-fix.md
- .claude/rules/docs-authoring.md
- .claude/rules/e2e.md
- .claude/rules/engine.md
- .claude/rules/go-module.md
- .claude/rules/infrastructure.md
- .claude/rules/micro-engine.md
- .claude/rules/monorepo.md
- .claude/rules/qip-working-agreements.md
- .claude/rules/runtime-catalog.md
- .claude/rules/schemas.md
- .claude/rules/sessions-management.md
- .claude/rules/sonar-triage.md
- .claude/rules/ui-api-and-utilities.md
- .claude/rules/ui-component-patterns.md
- .claude/rules/ui-core-development.md
- .claude/rules/ui-theme-and-vscode-webview.md
- .claude/rules/vscode-extension.md
- .claude/skills/ci-fix
- .claude/skills/ci-fix/SKILL.md
- .claude/skills/docs-authoring
- .claude/skills/docs-authoring/SKILL.md
- .claude/skills/fix-issue
- .claude/skills/fix-issue/SKILL.md
- .claude/skills/fix-issue/delivery.md
- .claude/skills/fix-issue/stack.md
- .claude/skills/fix-issue/verification.md
- .claude/skills/release-process
- .claude/skills/release-process/SKILL.md
- .claude/skills/runtime-catalog-api-testing
- .claude/skills/runtime-catalog-api-testing/SKILL.md
- .claude/skills/sonar-triage
- .claude/skills/sonar-triage/SKILL.md
- .claude/skills/ui-api-and-utilities
- .claude/skills/ui-api-and-utilities/SKILL.md
- .claude/skills/ui-component-patterns
- .claude/skills/ui-component-patterns/SKILL.md
- .claude/skills/ui-core-development
- .claude/skills/ui-core-development/SKILL.md
- .claude/skills/ui-theme-and-vscode-webview
- .claude/skills/ui-theme-and-vscode-webview/SKILL.md
- .claude/skills/update-docs
- .claude/skills/update-docs/SKILL.md
- .codex/agents/maven-verifier.toml
- .codex/agents/npm-verifier.toml
- .cursor/agents/maven-verifier.md
- .cursor/agents/npm-verifier.md
- .cursor/rules/ci-fix.mdc
- .cursor/rules/docs-authoring.mdc
- .cursor/rules/e2e.mdc
- .cursor/rules/engine.mdc
- .cursor/rules/go-module.mdc
- .cursor/rules/infrastructure.mdc
- .cursor/rules/micro-engine.mdc
- .cursor/rules/monorepo.mdc
- .cursor/rules/qip-working-agreements.mdc
- .cursor/rules/runtime-catalog.mdc
- .cursor/rules/schemas.mdc
- .cursor/rules/sessions-management.mdc
- .cursor/rules/sonar-triage.mdc
- .cursor/rules/ui-api-and-utilities.mdc
- .cursor/rules/ui-component-patterns.mdc
- .cursor/rules/ui-core-development.mdc
- .cursor/rules/ui-theme-and-vscode-webview.mdc
- .cursor/rules/vscode-extension.mdc
local_deployed_file_hashes:
  .agents/skills/ci-fix/SKILL.md: sha256:ea79a8e0f51183ce3329312a3cd0c94e09c4fb0b2996054eac4ce4840b9c856a
  .agents/skills/docs-authoring/SKILL.md: sha256:1ad8f4e2efe177403af5cf5978c327cd57b39bee266620dec3395af182f15f6f
  .agents/skills/fix-issue/SKILL.md: sha256:4a996a2d976f274b4f91e40ae417a8533ee481c2e4589232fdd63a02a93f18e7
  .agents/skills/fix-issue/delivery.md: sha256:baa25d8d86344771e0c11d37bf8b62308e7b50238d1c3ec6f55db3e4d338229e
  .agents/skills/fix-issue/stack.md: sha256:12c40759ac39206df4ab27ff29f15766eeb8596a9bacaf3b82a3555c4372b2fc
  .agents/skills/fix-issue/verification.md: sha256:f66ab17b35df21a5dc3d2c2da4f20002977c700e8bf97a39d72a56cd65cfab75
  .agents/skills/release-process/SKILL.md: sha256:73f75b303b02d738a56efa0c48a307b26d95c208b14cc160c9d63acefd4cd425
  .agents/skills/runtime-catalog-api-testing/SKILL.md: sha256:c189d6988f94ed57294e569266b5d3fd500c22e7dd4867268380f302c54d120a
  .agents/skills/runtime-catalog-api-testing/scripts/__pycache__/fixtures.cpython-312.pyc: sha256:2d6d8547fdc27057b93a70d6a3ef04da3163e9b4b08e0610676fa682e96f3831
  .agents/skills/runtime-catalog-api-testing/scripts/__pycache__/rc_e2e.cpython-312.pyc: sha256:8ae36ab6e18a03cc2b041e7fd6e81a73e93d7bfc0d0cc1f75bdd64c81be188d0
  .agents/skills/runtime-catalog-api-testing/scripts/example.py: sha256:2cf55572310f806f5cc3b6e0a44028d16bb4763a9460f47f9d3c7c5ee9575c25
  .agents/skills/runtime-catalog-api-testing/scripts/example_deploy_vars.py: sha256:57eeb0e50140765689feedd14f8d1ad0f60fdaac596f59c9549fa1651b8383d6
  .agents/skills/runtime-catalog-api-testing/scripts/rc_e2e.py: sha256:9d3d264ffe343aff6c196c70ecf1897b3dc3c039e0ddedb57d2636d14f0ac291
  .agents/skills/sonar-triage/SKILL.md: sha256:35f144fe5a8bc0f5407e922cb8b37c8a3f16d196bba7ba504f9f10cd4da18a31
  .agents/skills/ui-api-and-utilities/SKILL.md: sha256:83df8708d1821771414996df4ca1f45b138baa7a49415954ffeffb7d40c8b160
  .agents/skills/ui-component-patterns/SKILL.md: sha256:0f6140b7f00b3f887a1f9d5831a2c9a32cf31d0620e516d41383d43a5a373f9b
  .agents/skills/ui-core-development/SKILL.md: sha256:ac3f721089c1b2281570f709ac5106f092d7d31591638daf2ac901b196457ebc
  .agents/skills/ui-theme-and-vscode-webview/SKILL.md: sha256:5bb5058c17ed309913cba9d984f076d4448a72f7ebf9ed2419d94699600745a9
  .agents/skills/update-docs/SKILL.md: sha256:d90e58bd0e9cde0b5b51cd0313ed56ce34393fa5f447c44155ec5924742bae3b
  .claude/agents/maven-verifier.md: sha256:f44b15744dbb0e77f326391bc0ecad91eed094146bad5993ebdf50944e4df71e
  .claude/agents/npm-verifier.md: sha256:7e38e0a49cf43125b37569c0cf7cb8751588c0e14323320dd4cdf90ddf0a41ce
  .claude/rules/ci-fix.md: sha256:4de31150e369c45093fbfe099209e95118d30f19e3a8c23fd91d0b1cd332f559
  .claude/rules/docs-authoring.md: sha256:fb65f291a143c58e0b76a52a24d792a6f7a54c35813548e5d378341df89be806
  .claude/rules/e2e.md: sha256:00f8caeff5bbad6b4f0ac7cc6d69e43c3d1b460484503f0adda400688ff25227
  .claude/rules/engine.md: sha256:cbfa9096d6c97043ebbef90b567bb92f081cf11779eb826a2ca74bdd35de1cbc
  .claude/rules/go-module.md: sha256:4823920c4373e02f4d370fbd6b483e094df46480b80b59653f321636fe14d92a
  .claude/rules/infrastructure.md: sha256:daac09c825081c41d9f83af43602bba2224d338398cfd2fa2a74ffa34d68a7e9
  .claude/rules/micro-engine.md: sha256:c13d341654c13d5dba4c9a2e9d78128a5aa6e4bd414ed1bcc25e34e1e0f97957
  .claude/rules/monorepo.md: sha256:637a5dace70830ab398ddf17b1f5d48732fc7642985a82da024816c86ad9ded4
  .claude/rules/qip-working-agreements.md: sha256:72257161852f5f17451a59e3f6c816f49cdbdf8da37b39b3b82840e2fd30b799
  .claude/rules/runtime-catalog.md: sha256:576ea1f9123f6ddfd78a6d97728594b68d795e04c7a3457a09eac4ee62db362a
  .claude/rules/schemas.md: sha256:840097735d1b806108391f21948dbb663cf5049279ad803f8c30045c07bdad01
  .claude/rules/sessions-management.md: sha256:19fdfdc27c5301233ae25983b21976246d2298f523e191ac0559bb9cb8e59f8f
  .claude/rules/sonar-triage.md: sha256:44a6efa4c0b06ee30ea7edf176a1c42767bc4045b0be002a021b117f1f7d03a2
  .claude/rules/ui-api-and-utilities.md: sha256:71aa40132c92c5861e02877fac639503defe750689e9b5019420180c9dda9a94
  .claude/rules/ui-component-patterns.md: sha256:6ea0cf80626c5e7a78b5d8e36ee5817cfdc8266afcf32b76c85e69d6702ffe1a
  .claude/rules/ui-core-development.md: sha256:c42c9e14a47aa880f644e2bcdb76e08c284cb4e2b336143fb364393d3640d9c3
  .claude/rules/ui-theme-and-vscode-webview.md: sha256:b9c3fb0eb8853ff8fc98a27ac8ccbdb9f6755fd235addba7d44a5855b5b43a17
  .claude/rules/vscode-extension.md: sha256:47b818792a7c0e9c6debe5bd59393a989c3cc99343ea3613b54842ca102ab5e6
  .claude/skills/ci-fix/SKILL.md: sha256:ea79a8e0f51183ce3329312a3cd0c94e09c4fb0b2996054eac4ce4840b9c856a
  .claude/skills/docs-authoring/SKILL.md: sha256:1ad8f4e2efe177403af5cf5978c327cd57b39bee266620dec3395af182f15f6f
  .claude/skills/fix-issue/SKILL.md: sha256:4a996a2d976f274b4f91e40ae417a8533ee481c2e4589232fdd63a02a93f18e7
  .claude/skills/fix-issue/delivery.md: sha256:baa25d8d86344771e0c11d37bf8b62308e7b50238d1c3ec6f55db3e4d338229e
  .claude/skills/fix-issue/stack.md: sha256:12c40759ac39206df4ab27ff29f15766eeb8596a9bacaf3b82a3555c4372b2fc
  .claude/skills/fix-issue/verification.md: sha256:f66ab17b35df21a5dc3d2c2da4f20002977c700e8bf97a39d72a56cd65cfab75
  .claude/skills/release-process/SKILL.md: sha256:73f75b303b02d738a56efa0c48a307b26d95c208b14cc160c9d63acefd4cd425
  .claude/skills/runtime-catalog-api-testing/SKILL.md: sha256:c189d6988f94ed57294e569266b5d3fd500c22e7dd4867268380f302c54d120a
  .claude/skills/sonar-triage/SKILL.md: sha256:35f144fe5a8bc0f5407e922cb8b37c8a3f16d196bba7ba504f9f10cd4da18a31
  .claude/skills/ui-api-and-utilities/SKILL.md: sha256:83df8708d1821771414996df4ca1f45b138baa7a49415954ffeffb7d40c8b160
  .claude/skills/ui-component-patterns/SKILL.md: sha256:0f6140b7f00b3f887a1f9d5831a2c9a32cf31d0620e516d41383d43a5a373f9b
  .claude/skills/ui-core-development/SKILL.md: sha256:ac3f721089c1b2281570f709ac5106f092d7d31591638daf2ac901b196457ebc
  .claude/skills/ui-theme-and-vscode-webview/SKILL.md: sha256:5bb5058c17ed309913cba9d984f076d4448a72f7ebf9ed2419d94699600745a9
  .claude/skills/update-docs/SKILL.md: sha256:d90e58bd0e9cde0b5b51cd0313ed56ce34393fa5f447c44155ec5924742bae3b
  .codex/agents/maven-verifier.toml: sha256:dc67075b7c28d42a6968c8e12e3da9c42d15c32acd5f035d53a009a660990765
  .codex/agents/npm-verifier.toml: sha256:41262bc89c3d7886f181844cdebb7afef872159ce4edb005bbb911406f54c583
  .cursor/agents/maven-verifier.md: sha256:f44b15744dbb0e77f326391bc0ecad91eed094146bad5993ebdf50944e4df71e
  .cursor/agents/npm-verifier.md: sha256:7e38e0a49cf43125b37569c0cf7cb8751588c0e14323320dd4cdf90ddf0a41ce
  .cursor/rules/ci-fix.mdc: sha256:3407eae3d299bbac9cb20f14b41a3a87a75406d5a947843ad6a3cb7e49b49c98
  .cursor/rules/docs-authoring.mdc: sha256:5896f61123e24afdab8e95f0b2ec503a929c8a14839f8044d732bee46037dd7d
  .cursor/rules/e2e.mdc: sha256:e2384dfd51cc08c7ebea479df0621dd6e9d55aa32948202ce9801d7e400ec63b
  .cursor/rules/engine.mdc: sha256:d258bb38382c6841db60f6174bd72055cb0b8617ec226b16c287c68ed6547e28
  .cursor/rules/go-module.mdc: sha256:8e9b8e81bd0cef962f9d8d3f9ba7abf1905867cc6102e71d0395278a12693084
  .cursor/rules/infrastructure.mdc: sha256:78ab718cc566053a3d2cb24cd4a01f4fe80521613fc73432db878e83654fd707
  .cursor/rules/micro-engine.mdc: sha256:110d55b3c6c01372ab974ccd8576073f3e11d2ba8007534ac67c1a9167694f21
  .cursor/rules/monorepo.mdc: sha256:beaf45bea182ddfe6b28dab88bdc2cbafa7dc77334ce8ddce1a50b4550166cde
  .cursor/rules/qip-working-agreements.mdc: sha256:1d803f8610cecc024814db799f2b0536972040823a2c0e2543d31c75557f1aec
  .cursor/rules/runtime-catalog.mdc: sha256:ce26074e295e660122b887fa52ea503cfdd02a17818b3ee0c43833ab33c64256
  .cursor/rules/schemas.mdc: sha256:c0ece583f568e40587865df4f38a3cf3b9c41e4d81d7b138a9ddf655e53173af
  .cursor/rules/sessions-management.mdc: sha256:c7be04ffc8ba4d6b72b01fe505133891badf63cbdc10a9a0681d64969ca1d6a6
  .cursor/rules/sonar-triage.mdc: sha256:61b00c40bb761790aa4afbefc8a6b562b477a134d1d2e7a29c9d108222f6d88a
  .cursor/rules/ui-api-and-utilities.mdc: sha256:ec6aeb84f982b74a350433f3563eb8ff07a753651bbacfef7c1847c21f590220
  .cursor/rules/ui-component-patterns.mdc: sha256:53c570a4a8dca369d8a250c7d18ead83f845685d16bba32a042dbb5b4b0e61ef
  .cursor/rules/ui-core-development.mdc: sha256:6232692ddcda622d6cdeea12c9e4c3afec6eaf75e0235347e0a9b3dad7b3952d
  .cursor/rules/ui-theme-and-vscode-webview.mdc: sha256:e8c44c2ac98376f01905c6f2f8bf55b9bcc455cd560cd46036201cd124b7fdca
  .cursor/rules/vscode-extension.mdc: sha256:17a9914d3d3c07bdd81a7878a3f813347a01c3a7e97e42a041d806afa8f6e311
